
Microsoft Visual Studio Solution File, Format Version 12.00
# Visual Studio 15
VisualStudioVersion = 15.0.27130.2020
MinimumVisualStudioVersion = 10.0.40219.1
Project("{8BC9CEB8-8B4A-11D0-8D11-00A0C91BC942}") = "MSLib", "MSLib\MSLib.vcxproj", "{E2A77139-7EF5-41CC-84FB-A9F54066FE6F}"
EndProject
Project("{8BC9CEB8-8B4A-11D0-8D11-00A0C91BC942}") = "GameConsole", "GameConsole\GameConsole.vcxproj", "{5B4E1857-D3BF-40B6-AEB6-323593D27B41}"
EndProject
Global
	GlobalSection(SolutionConfigurationPlatforms) = preSolution
		Debug|x64 = Debug|x64
		Debug|x86 = Debug|x86
		Release|x64 = Release|x64
		Release|x86 = Release|x86
	EndGlobalSection
	GlobalSection(ProjectConfigurationPlatforms) = postSolution
		{E2A77139-7EF5-41CC-84FB-A9F54066FE6F}.Debug|x64.ActiveCfg = Debug|x64
		{E2A77139-7EF5-41CC-84FB-A9F54066FE6F}.Debug|x64.Build.0 = Debug|x64
		{E2A77139-7EF5-41CC-84FB-A9F54066FE6F}.Debug|x86.ActiveCfg = Debug|Win32
		{E2A77139-7EF5-41CC-84FB-A9F54066FE6F}.Debug|x86.Build.0 = Debug|Win32
		{E2A77139-7EF5-41CC-84FB-A9F54066FE6F}.Release|x64.ActiveCfg = Release|x64
		{E2A77139-7EF5-41CC-84FB-A9F54066FE6F}.Release|x64.Build.0 = Release|x64
		{E2A77139-7EF5-41CC-84FB-A9F54066FE6F}.Release|x86.ActiveCfg = Release|Win32
		{E2A77139-7EF5-41CC-84FB-A9F54066FE6F}.Release|x86.Build.0 = Release|Win32
		{5B4E1857-D3BF-40B6-AEB6-323593D27B41}.Debug|x64.ActiveCfg = Debug|x64
		{5B4E1857-D3BF-40B6-AEB6-323593D27B41}.Debug|x64.Build.0 = Debug|x64
		{5B4E1857-D3BF-40B6-AEB6-323593D27B41}.Debug|x86.ActiveCfg = Debug|Win32
		{5B4E1857-D3BF-40B6-AEB6-323593D27B41}.Debug|x86.Build.0 = Debug|Win32
		{5B4E1857-D3BF-40B6-AEB6-323593D27B41}.Release|x64.ActiveCfg = Release|x64
		{5B4E1857-D3BF-40B6-AEB6-323593D27B41}.Release|x64.Build.0 = Release|x64
		{5B4E1857-D3BF-40B6-AEB6-323593D27B41}.Release|x86.ActiveCfg = Release|Win32
		{5B4E1857-D3BF-40B6-AEB6-323593D27B41}.Release|x86.Build.0 = Release|Win32
	EndGlobalSection
	GlobalSection(SolutionProperties) = preSolution
		HideSolutionNode = FALSE
	EndGlobalSection
	GlobalSection(ExtensibilityGlobals) = postSolution
		SolutionGuid = {307710E1-74A3-4EE8-A630-0154F14FFC61}
	EndGlobalSection
EndGlobal
